
Microsoft Visual Studio Solution File, Format Version 12.00
# Visual Studio Version 17
VisualStudioVersion = 17.11.35303.130
MinimumVisualStudioVersion = 10.0.40219.1
Project("{9A19103F-16F7-4668-BE54-9A1E7A4F7556}") = "KP_Soloviev", "KP_Soloviev\KP_Soloviev.csproj", "{BBA925F2-92D0-4BEC-9FED-EE876BE28F74}"
EndProject
Global
	GlobalSection(SolutionConfigurationPlatforms) = preSolution
		Debug|Any CPU = Debug|Any CPU
		Release|Any CPU = Release|Any CPU
	EndGlobalSection
	GlobalSection(ProjectConfigurationPlatforms) = postSolution
		{BBA925F2-92D0-4BEC-9FED-EE876BE28F74}.Debug|Any CPU.ActiveCfg = Debug|Any CPU
		{BBA925F2-92D0-4BEC-9FED-EE876BE28F74}.Debug|Any CPU.Build.0 = Debug|Any CPU
		{BBA925F2-92D0-4BEC-9FED-EE876BE28F74}.Release|Any CPU.ActiveCfg = Release|Any CPU
		{BBA925F2-92D0-4BEC-9FED-EE876BE28F74}.Release|Any CPU.Build.0 = Release|Any CPU
	EndGlobalSection
	GlobalSection(SolutionProperties) = preSolution
		HideSolutionNode = FALSE
	EndGlobalSection
	GlobalSection(ExtensibilityGlobals) = postSolution
		SolutionGuid = {7AF8EB96-44C3-4C7F-A54D-18D8A3FEE70B}
	EndGlobalSection
EndGlobal
